
Microsoft Visual Studio Solution File, Format Version 12.00
# Visual Studio Version 17
VisualStudioVersion = 17.7.34003.232
MinimumVisualStudioVersion = 10.0.40219.1
Project("{FAE04EC0-301F-11D3-BF4B-00C04F79EFBC}") = "TextSearch", "TextSearch.csproj", "{064D46A4-E953-4ECF-AF33-5810C71F39A6}"
EndProject
Global
	GlobalSection(SolutionConfigurationPlatforms) = preSolution
		Debug|Any CPU = Debug|Any CPU
		Release|Any CPU = Release|Any CPU
	EndGlobalSection
	GlobalSection(ProjectConfigurationPlatforms) = postSolution
		{064D46A4-E953-4ECF-AF33-5810C71F39A6}.Debug|Any CPU.ActiveCfg = Debug|Any CPU
		{064D46A4-E953-4ECF-AF33-5810C71F39A6}.Debug|Any CPU.Build.0 = Debug|Any CPU
		{064D46A4-E953-4ECF-AF33-5810C71F39A6}.Release|Any CPU.ActiveCfg = Release|Any CPU
		{064D46A4-E953-4ECF-AF33-5810C71F39A6}.Release|Any CPU.Build.0 = Release|Any CPU
	EndGlobalSection
	GlobalSection(SolutionProperties) = preSolution
		HideSolutionNode = FALSE
	EndGlobalSection
	GlobalSection(ExtensibilityGlobals) = postSolution
		SolutionGuid = {4CE6AA04-288E-4C70-A431-72CE6DB733DA}
	EndGlobalSection
EndGlobal
